
Microsoft Visual Studio Solution File, Format Version 12.00
# Visual Studio Version 16
VisualStudioVersion = 16.0.32228.343
MinimumVisualStudioVersion = 10.0.40219.1
Project("{FAE04EC0-301F-11D3-BF4B-00C04F79EFBC}") = "VikingRejser", "VikingRejser\VikingRejser.csproj", "{9C1B3F5B-3192-4422-ADAA-FEA7E003307E}"
EndProject
Global
	GlobalSection(SolutionConfigurationPlatforms) = preSolution
		Debug|Any CPU = Debug|Any CPU
		Release|Any CPU = Release|Any CPU
	EndGlobalSection
	GlobalSection(ProjectConfigurationPlatforms) = postSolution
		{9C1B3F5B-3192-4422-ADAA-FEA7E003307E}.Debug|Any CPU.ActiveCfg = Debug|Any CPU
		{9C1B3F5B-3192-4422-ADAA-FEA7E003307E}.Debug|Any CPU.Build.0 = Debug|Any CPU
		{9C1B3F5B-3192-4422-ADAA-FEA7E003307E}.Release|Any CPU.ActiveCfg = Release|Any CPU
		{9C1B3F5B-3192-4422-ADAA-FEA7E003307E}.Release|Any CPU.Build.0 = Release|Any CPU
	EndGlobalSection
	GlobalSection(SolutionProperties) = preSolution
		HideSolutionNode = FALSE
	EndGlobalSection
	GlobalSection(ExtensibilityGlobals) = postSolution
		SolutionGuid = {7AEE2F93-3568-4C11-8087-3E96EE0CFEE5}
	EndGlobalSection
EndGlobal
